{
  "name": "Multiplicaciones_magicas",
  "lockfileVersion": 3,
  "requires": true,
  "packages": {
    "": {
      "dependencies": {
        "bigint-mod-arith": "^3.3.1"
      }
    },
    "node_modules/bigint-mod-arith": {
      "version": "3.3.1",
      "resolved": "https://registry.npmjs.org/bigint-mod-arith/-/bigint-mod-arith-3.3.1.tgz",
      "integrity": "sha512-pX/cYW3dCa87Jrzv6DAr8ivbbJRzEX5yGhdt8IutnX/PCIXfpx+mabWNK/M8qqh+zQ0J3thftUBHW0ByuUlG0w==",
      "license": "MIT",
      "engines": {
        "node": ">=10.4.0"
      }
    }
  }
}
